
Microsoft Visual Studio Solution File, Format Version 12.00
# Visual Studio Version 16
VisualStudioVersion = 16.0.30320.27
MinimumVisualStudioVersion = 10.0.40219.1
Project("{9A19103F-16F7-4668-BE54-9A1E7A4F7556}") = "BoardParser.ConsoleApp", "BoardParser.ConsoleApp.csproj", "{C01AB89D-36D4-40D4-A0F9-4247092B03E6}"
EndProject
Project("{9A19103F-16F7-4668-BE54-9A1E7A4F7556}") = "BoardParser.Common", "..\BoardParser.Common\BoardParser.Common.csproj", "{A3A7D1CD-E3ED-4AAE-AAD2-52A590A5CF09}"
EndProject
Global
	GlobalSection(SolutionConfigurationPlatforms) = preSolution
		Debug|Any CPU = Debug|Any CPU
		Release|Any CPU = Release|Any CPU
	EndGlobalSection
	GlobalSection(ProjectConfigurationPlatforms) = postSolution
		{C01AB89D-36D4-40D4-A0F9-4247092B03E6}.Debug|Any CPU.ActiveCfg = Debug|Any CPU
		{C01AB89D-36D4-40D4-A0F9-4247092B03E6}.Debug|Any CPU.Build.0 = Debug|Any CPU
		{C01AB89D-36D4-40D4-A0F9-4247092B03E6}.Release|Any CPU.ActiveCfg = Release|Any CPU
		{C01AB89D-36D4-40D4-A0F9-4247092B03E6}.Release|Any CPU.Build.0 = Release|Any CPU
		{A3A7D1CD-E3ED-4AAE-AAD2-52A590A5CF09}.Debug|Any CPU.ActiveCfg = Debug|Any CPU
		{A3A7D1CD-E3ED-4AAE-AAD2-52A590A5CF09}.Debug|Any CPU.Build.0 = Debug|Any CPU
		{A3A7D1CD-E3ED-4AAE-AAD2-52A590A5CF09}.Release|Any CPU.ActiveCfg = Release|Any CPU
		{A3A7D1CD-E3ED-4AAE-AAD2-52A590A5CF09}.Release|Any CPU.Build.0 = Release|Any CPU
	EndGlobalSection
	GlobalSection(SolutionProperties) = preSolution
		HideSolutionNode = FALSE
	EndGlobalSection
	GlobalSection(ExtensibilityGlobals) = postSolution
		SolutionGuid = {A7A6C89A-2297-438E-BA53-C2358D95413A}
	EndGlobalSection
EndGlobal
