
Microsoft Visual Studio Solution File, Format Version 12.00
# Visual Studio Version 16
VisualStudioVersion = 16.0.30320.27
MinimumVisualStudioVersion = 10.0.40219.1
Project("{9A19103F-16F7-4668-BE54-9A1E7A4F7556}") = "BoardParser.WindowsApp", "BoardParser.WindowsApp.csproj", "{4A455C13-7AE2-4407-A77E-135E7512E616}"
EndProject
Project("{9A19103F-16F7-4668-BE54-9A1E7A4F7556}") = "BoardParser.Common", "..\BoardParser.Common\BoardParser.Common.csproj", "{7BB96C26-8B29-413E-9D25-FC581B678520}"
EndProject
Global
	GlobalSection(SolutionConfigurationPlatforms) = preSolution
		Debug|Any CPU = Debug|Any CPU
		Release|Any CPU = Release|Any CPU
	EndGlobalSection
	GlobalSection(ProjectConfigurationPlatforms) = postSolution
		{4A455C13-7AE2-4407-A77E-135E7512E616}.Debug|Any CPU.ActiveCfg = Debug|Any CPU
		{4A455C13-7AE2-4407-A77E-135E7512E616}.Debug|Any CPU.Build.0 = Debug|Any CPU
		{4A455C13-7AE2-4407-A77E-135E7512E616}.Release|Any CPU.ActiveCfg = Release|Any CPU
		{4A455C13-7AE2-4407-A77E-135E7512E616}.Release|Any CPU.Build.0 = Release|Any CPU
		{7BB96C26-8B29-413E-9D25-FC581B678520}.Debug|Any CPU.ActiveCfg = Debug|Any CPU
		{7BB96C26-8B29-413E-9D25-FC581B678520}.Debug|Any CPU.Build.0 = Debug|Any CPU
		{7BB96C26-8B29-413E-9D25-FC581B678520}.Release|Any CPU.ActiveCfg = Release|Any CPU
		{7BB96C26-8B29-413E-9D25-FC581B678520}.Release|Any CPU.Build.0 = Release|Any CPU
	EndGlobalSection
	GlobalSection(SolutionProperties) = preSolution
		HideSolutionNode = FALSE
	EndGlobalSection
	GlobalSection(ExtensibilityGlobals) = postSolution
		SolutionGuid = {4348F572-A64A-47DB-A550-BBEE0D3D284B}
	EndGlobalSection
EndGlobal
